schema_version: 1
sources:
  - id: ai-skills-authority
    role: auditor
    repository: paulomac1000/ai-skills
    revision: 24f27383bb3ede7dc0f7193e8ed98864aef7123e
    credential_access: none
    files:
      - authority_path: skills/afds-doc-writer/validate.py
        sha256: sha256:2ca7ce6ced39098fabd7ee74ba242a554a065888455f5a318292d755b4c87751
      - authority_path: skills/agents-md-architect/tools/audit_agents_md.py
        sha256: sha256:2f29f41eb8fee0a2d9289a8daf9a610a9e84117cc25adde69e22b19ad5f9ee36
      - authority_path: skills/ci-cd-architect/tools/check_github_actions_policy.py
        sha256: sha256:35116ab4dc2ffe9a5d2833e72c2fe8252a1fcb5209570c3885fc8b9e975a84c4
      - authority_path: skills/ci-cd-architect/tools/check_consumer_trust_hygiene.py
        sha256: sha256:617e9652494735d0632fbcffd881006e8be9b42148aa6ad84c01353e65fd956e
      - authority_path: skills/mcp-server-architect/tools/inspect_existing_project.py
        sha256: sha256:c7e33364d7325cdbd927f932fd15fedb5cf6dff5af25600834a35a84b6560bf8
      - authority_path: skills/mcp-server-architect/tools/plan_existing_project.py
        sha256: sha256:47d15fd5b2acc7878b9d6ca4163b15b97f6ae4ae18737735464238bf532fdbb8
      - authority_path: skills/mcp-server-architect/tools/capture_mcp_contract.py
        sha256: sha256:6d4d18085e7b3f3b13d4b44991e8d8ffcad8e50e62caa8ab09e7f9ea4ba7b1a9
      - authority_path: skills/mcp-server-architect/tools/compare_mcp_contracts.py
        sha256: sha256:1c3b46f99537f72a8a3edc96a20a971e3312d4f1dff4335d37335210f1c17bcc
      - authority_path: contracts/validate_upstream_contract.py
        sha256: sha256:c011d9f0064f3ee1d5c3effaa20763b83c20d1aa017656ac00ec6bd5556eabd3
      - authority_path: contracts/validate_live_backend_test_policy.py
        sha256: sha256:23d9fde3565667424ddb7a6763b92908da10b265a7a311c0988e328764685e8b
      - authority_path: contracts/validate_trusted_executable_sources.py
        sha256: sha256:971311b7577b0c55bf69d02d89d07a0c5dc1cc278cf5f85f65cba5cd7551eab0
